
Microsoft Visual Studio Solution File, Format Version 12.00
# Visual Studio Version 17
VisualStudioVersion = 17.11.35327.3
MinimumVisualStudioVersion = 10.0.40219.1
Project("{2150E333-8FDC-42A3-9474-1A3956D46DE8}") = "src", "src", "{91C713D7-EC4C-45DA-9F3C-8C8A81361782}"
EndProject
Project("{2150E333-8FDC-42A3-9474-1A3956D46DE8}") = "services", "services", "{C6258BC7-887A-4E82-AD41-9FC75F6F1197}"
EndProject
Project("{2150E333-8FDC-42A3-9474-1A3956D46DE8}") = "catalog", "catalog", "{638AC442-0062-4F36-9D2B-015AA8BC057B}"
EndProject
Project("{9A19103F-16F7-4668-BE54-9A1E7A4F7556}") = "Microservice.Catalog.Api", "Microservice.Catalog.Api\Microservice.Catalog.Api.csproj", "{39359A36-5B1F-425D-ABFB-4D6ECDF326D7}"
EndProject
Project("{E53339B2-1760-4266-BCC7-CA923CBCF16C}") = "docker-compose", "docker-compose.dcproj", "{206562A2-BF36-400F-AA94-98BAA1C8B885}"
EndProject
Project("{2150E333-8FDC-42A3-9474-1A3956D46DE8}") = "shared", "shared", "{D4EE6CC3-D5AC-4B66-B648-026DC99599FD}"
EndProject
Project("{FAE04EC0-301F-11D3-BF4B-00C04F79EFBC}") = "Microservice.Shared", "..\Microservice.Shared\Microservice.Shared.csproj", "{670F05C5-22B0-4B5F-A79F-837576DFDDDF}"
EndProject
Global
	GlobalSection(SolutionConfigurationPlatforms) = preSolution
		Debug|Any CPU = Debug|Any CPU
		Release|Any CPU = Release|Any CPU
	EndGlobalSection
	GlobalSection(ProjectConfigurationPlatforms) = postSolution
		{39359A36-5B1F-425D-ABFB-4D6ECDF326D7}.Debug|Any CPU.ActiveCfg = Debug|Any CPU
		{39359A36-5B1F-425D-ABFB-4D6ECDF326D7}.Debug|Any CPU.Build.0 = Debug|Any CPU
		{39359A36-5B1F-425D-ABFB-4D6ECDF326D7}.Release|Any CPU.ActiveCfg = Release|Any CPU
		{39359A36-5B1F-425D-ABFB-4D6ECDF326D7}.Release|Any CPU.Build.0 = Release|Any CPU
		{206562A2-BF36-400F-AA94-98BAA1C8B885}.Debug|Any CPU.ActiveCfg = Debug|Any CPU
		{206562A2-BF36-400F-AA94-98BAA1C8B885}.Debug|Any CPU.Build.0 = Debug|Any CPU
		{206562A2-BF36-400F-AA94-98BAA1C8B885}.Release|Any CPU.ActiveCfg = Release|Any CPU
		{206562A2-BF36-400F-AA94-98BAA1C8B885}.Release|Any CPU.Build.0 = Release|Any CPU
		{670F05C5-22B0-4B5F-A79F-837576DFDDDF}.Debug|Any CPU.ActiveCfg = Debug|Any CPU
		{670F05C5-22B0-4B5F-A79F-837576DFDDDF}.Debug|Any CPU.Build.0 = Debug|Any CPU
		{670F05C5-22B0-4B5F-A79F-837576DFDDDF}.Release|Any CPU.ActiveCfg = Release|Any CPU
		{670F05C5-22B0-4B5F-A79F-837576DFDDDF}.Release|Any CPU.Build.0 = Release|Any CPU
	EndGlobalSection
	GlobalSection(SolutionProperties) = preSolution
		HideSolutionNode = FALSE
	EndGlobalSection
	GlobalSection(NestedProjects) = preSolution
		{C6258BC7-887A-4E82-AD41-9FC75F6F1197} = {91C713D7-EC4C-45DA-9F3C-8C8A81361782}
		{638AC442-0062-4F36-9D2B-015AA8BC057B} = {C6258BC7-887A-4E82-AD41-9FC75F6F1197}
		{39359A36-5B1F-425D-ABFB-4D6ECDF326D7} = {638AC442-0062-4F36-9D2B-015AA8BC057B}
		{D4EE6CC3-D5AC-4B66-B648-026DC99599FD} = {91C713D7-EC4C-45DA-9F3C-8C8A81361782}
		{670F05C5-22B0-4B5F-A79F-837576DFDDDF} = {D4EE6CC3-D5AC-4B66-B648-026DC99599FD}
	EndGlobalSection
	GlobalSection(ExtensibilityGlobals) = postSolution
		SolutionGuid = {6DDA0585-74B0-4E1A-B049-9A277D12D0EF}
	EndGlobalSection
EndGlobal
